
Microsoft Visual Studio Solution File, Format Version 12.00
# Visual Studio Version 16
VisualStudioVersion = 16.0.31829.152
MinimumVisualStudioVersion = 10.0.40219.1
Project("{FAE04EC0-301F-11D3-BF4B-00C04F79EFBC}") = "Lab2Polygons", "Lab2Polygons\Lab2Polygons.csproj", "{B4ABC456-8E88-4E3D-AE66-D5E95805846A}"
EndProject
Global
	GlobalSection(SolutionConfigurationPlatforms) = preSolution
		Debug|Any CPU = Debug|Any CPU
		Release|Any CPU = Release|Any CPU
	EndGlobalSection
	GlobalSection(ProjectConfigurationPlatforms) = postSolution
		{B4ABC456-8E88-4E3D-AE66-D5E95805846A}.Debug|Any CPU.ActiveCfg = Debug|Any CPU
		{B4ABC456-8E88-4E3D-AE66-D5E95805846A}.Debug|Any CPU.Build.0 = Debug|Any CPU
		{B4ABC456-8E88-4E3D-AE66-D5E95805846A}.Release|Any CPU.ActiveCfg = Release|Any CPU
		{B4ABC456-8E88-4E3D-AE66-D5E95805846A}.Release|Any CPU.Build.0 = Release|Any CPU
	EndGlobalSection
	GlobalSection(SolutionProperties) = preSolution
		HideSolutionNode = FALSE
	EndGlobalSection
	GlobalSection(ExtensibilityGlobals) = postSolution
		SolutionGuid = {E75151DA-4A9F-4D05-89A6-566B9E9953D8}
	EndGlobalSection
EndGlobal
